// !$*UTF8*$!
{
	archiveVersion = 1;
	classes = {
	};
	objectVersion = 46;
	objects = {

/* Begin PBXBuildFile section */
		15D5D94B1BA1238B00D0134F /* main.m in Sources */ = {isa = PBXBuildFile; fileRef = 15D5D94A1BA1238B00D0134F /* main.m */; };
		15D5D94E1BA1238B00D0134F /* AppDelegate.m in Sources */ = {isa = PBXBuildFile; fileRef = 15D5D94D1BA1238B00D0134F /* AppDelegate.m */; };
		15D5D9541BA1238B00D0134F /* Main.storyboard in Resources */ = {isa = PBXBuildFile; fileRef = 15D5D9521BA1238B00D0134F /* Main.storyboard */; };
		15D5D9561BA1238B00D0134F /* Images.xcassets in Resources */ = {isa = PBXBuildFile; fileRef = 15D5D9551BA1238B00D0134F /* Images.xcassets */; };
		15D5D9591BA1238B00D0134F /* LaunchScreen.xib in Resources */ = {isa = PBXBuildFile; fileRef = 15D5D9571BA1238B00D0134F /* LaunchScreen.xib */; };
		15D5D9651BA1238B00D0134F /* ToDoListTests.m in Sources */ = {isa = PBXBuildFile; fileRef = 15D5D9641BA1238B00D0134F /* ToDoListTests.m */; };
		15D5D9701BA4D7A400D0134F /* AddToDoItemViewController.m in Sources */ = {isa = PBXBuildFile; fileRef = 15D5D96F1BA4D7A400D0134F /* AddToDoItemViewController.m */; };
		15D5D9731BA4E00F00D0134F /* ToDoListTableTableViewController.m in Sources */ = {isa = PBXBuildFile; fileRef = 15D5D9721BA4E00F00D0134F /* ToDoListTableTableViewController.m */; };
		15D5D9761BA5D17600D0134F /* ToDoItem.m in Sources */ = {isa = PBXBuildFile; fileRef = 15D5D9751BA5D17600D0134F /* ToDoItem.m */; };
/* End PBXBuildFile section */

/* Begin PBXContainerItemProxy section */
		15D5D95F1BA1238B00D0134F /* PBXContainerItemProxy */ = {
			isa = PBXContainerItemProxy;
			containerPortal = 15D5D93D1BA1238B00D0134F /* Project object */;
			proxyType = 1;
			remoteGlobalIDString = 15D5D9441BA1238B00D0134F;
			remoteInfo = ToDoList;
		};
/* End PBXContainerItemProxy section */

/* Begin PBXFileReference section */
		15D5D9451BA1238B00D0134F /* ToDoList.app */ = {isa = PBXFileReference; explicitFileType = wrapper.application; includeInIndex = 0; path = ToDoList.app; sourceTree = BUILT_PRODUCTS_DIR; };
		15D5D9491BA1238B00D0134F /* Info.plist */ = {isa = PBXFileReference; lastKnownFileType = text.plist.xml; path = Info.plist; sourceTree = "<group>"; };
		15D5D94A1BA1238B00D0134F /* main.m */ = {isa = PBXFileReference; lastKnownFileType = sourcecode.c.objc; path = main.m; sourceTree = "<group>"; };
		15D5D94C1BA1238B00D0134F /* AppDelegate.h */ = {isa = PBXFileReference; lastKnownFileType = sourcecode.c.h; path = AppDelegate.h; sourceTree = "<group>"; };
		15D5D94D1BA1238B00D0134F /* AppDelegate.m */ = {isa = PBXFileReference; lastKnownFileType = sourcecode.c.objc; path = AppDelegate.m; sourceTree = "<group>"; };
		15D5D9531BA1238B00D0134F /* Base */ = {isa = PBXFileReference; lastKnownFileType = file.storyboard; name = Base; path = Base.lproj/Main.storyboard; sourceTree = "<group>"; };
		15D5D9551BA1238B00D0134F /* Images.xcassets */ = {isa = PBXFileReference; lastKnownFileType = folder.assetcatalog; path = Images.xcassets; sourceTree = "<group>"; };
		15D5D9581BA1238B00D0134F /* Base */ = {isa = PBXFileReference; lastKnownFileType = file.xib; name = Base; path = Base.lproj/LaunchScreen.xib; sourceTree = "<group>"; };
		15D5D95E1BA1238B00D0134F /* ToDoListTests.xctest */ = {isa = PBXFileReference; explicitFileType = wrapper.cfbundle; includeInIndex = 0; path = ToDoListTests.xctest; sourceTree = BUILT_PRODUCTS_DIR; };
		15D5D9631BA1238B00D0134F /* Info.plist */ = {isa = PBXFileReference; lastKnownFileType = text.plist.xml; path = Info.plist; sourceTree = "<group>"; };
		15D5D9641BA1238B00D0134F /* ToDoListTests.m */ = {isa = PBXFileReference; lastKnownFileType = sourcecode.c.objc; path = ToDoListTests.m; sourceTree = "<group>"; };
		15D5D96E1BA4D7A400D0134F /* AddToDoItemViewController.h */ = {isa = PBXFileReference; fileEncoding = 4; lastKnownFileType = sourcecode.c.h; path = AddToDoItemViewController.h; sourceTree = "<group>"; };
		15D5D96F1BA4D7A400D0134F /* AddToDoItemViewController.m */ = {isa = PBXFileReference; fileEncoding = 4; lastKnownFileType = sourcecode.c.objc; path = AddToDoItemViewController.m; sourceTree = "<group>"; };
		15D5D9711BA4E00F00D0134F /* ToDoListTableTableViewController.h */ = {isa = PBXFileReference; fileEncoding = 4; lastKnownFileType = sourcecode.c.h; path = ToDoListTableTableViewController.h; sourceTree = "<group>"; };
		15D5D9721BA4E00F00D0134F /* ToDoListTableTableViewController.m */ = {isa = PBXFileReference; fileEncoding = 4; lastKnownFileType = sourcecode.c.objc; path = ToDoListTableTableViewController.m; sourceTree = "<group>"; };
		15D5D9741BA5D17600D0134F /* ToDoItem.h */ = {isa = PBXFileReference; fileEncoding = 4; lastKnownFileType = sourcecode.c.h; path = ToDoItem.h; sourceTree = "<group>"; };
		15D5D9751BA5D17600D0134F /* ToDoItem.m */ = {isa = PBXFileReference; fileEncoding = 4; lastKnownFileType = sourcecode.c.objc; path = ToDoItem.m; sourceTree = "<group>"; };
/* End PBXFileReference section */

/* Begin PBXFrameworksBuildPhase section */
		15D5D9421BA1238B00D0134F /* Frameworks */ = {
			isa = PBXFrameworksBuildPhase;
			buildActionMask = 2147483647;
			files = (
			);
			runOnlyForDeploymentPostprocessing = 0;
		};
		15D5D95B1BA1238B00D0134F /* Frameworks */ = {
			isa = PBXFrameworksBuildPhase;
			buildActionMask = 2147483647;
			files = (
			);
			runOnlyForDeploymentPostprocessing = 0;
		};
/* End PBXFrameworksBuildPhase section */

/* Begin PBXGroup section */
		15D5D93C1BA1238B00D0134F = {
			isa = PBXGroup;
			children = (
				15D5D9471BA1238B00D0134F /* ToDoList */,
				15D5D9611BA1238B00D0134F /* ToDoListTests */,
				15D5D9461BA1238B00D0134F /* Products */,
			);
			sourceTree = "<group>";
		};
		15D5D9461BA1238B00D0134F /* Products */ = {
			isa = PBXGroup;
			children = (
				15D5D9451BA1238B00D0134F /* ToDoList.app */,
				15D5D95E1BA1238B00D0134F /* ToDoListTests.xctest */,
			);
			name = Products;
			sourceTree = "<group>";
		};
		15D5D9471BA1238B00D0134F /* ToDoList */ = {
			isa = PBXGroup;
			children = (
				15D5D94C1BA1238B00D0134F /* AppDelegate.h */,
				15D5D94D1BA1238B00D0134F /* AppDelegate.m */,
				15D5D9521BA1238B00D0134F /* Main.storyboard */,
				15D5D9551BA1238B00D0134F /* Images.xcassets */,
				15D5D9571BA1238B00D0134F /* LaunchScreen.xib */,
				15D5D9481BA1238B00D0134F /* Supporting Files */,
				15D5D96E1BA4D7A400D0134F /* AddToDoItemViewController.h */,
				15D5D96F1BA4D7A400D0134F /* AddToDoItemViewController.m */,
				15D5D9711BA4E00F00D0134F /* ToDoListTableTableViewController.h */,
				15D5D9721BA4E00F00D0134F /* ToDoListTableTableViewController.m */,
				15D5D9741BA5D17600D0134F /* ToDoItem.h */,
				15D5D9751BA5D17600D0134F /* ToDoItem.m */,
			);
			path = ToDoList;
			sourceTree = "<group>";
		};
		15D5D9481BA1238B00D0134F /* Supporting Files */ = {
			isa = PBXGroup;
			children = (
				15D5D9491BA1238B00D0134F /* Info.plist */,
				15D5D94A1BA1238B00D0134F /* main.m */,
			);
			name = "Supporting Files";
			sourceTree = "<group>";
		};
		15D5D9611BA1238B00D0134F /* ToDoListTests */ = {
			isa = PBXGroup;
			children = (
				15D5D9641BA1238B00D0134F /* ToDoListTests.m */,
				15D5D9621BA1238B00D0134F /* Supporting Files */,
			);
			path = ToDoListTests;
			sourceTree = "<group>";
		};
		15D5D9621BA1238B00D0134F /* Supporting Files */ = {
			isa = PBXGroup;
			children = (
				15D5D9631BA1238B00D0134F /* Info.plist */,
			);
			name = "Supporting Files";
			sourceTree = "<group>";
		};
/* End PBXGroup section */

/* Begin PBXNativeTarget section */
		15D5D9441BA1238B00D0134F /* ToDoList */ = {
			isa = PBXNativeTarget;
			buildConfigurationList = 15D5D9681BA1238B00D0134F /* Build configuration list for PBXNativeTarget "ToDoList" */;
			buildPhases = (
				15D5D9411BA1238B00D0134F /* Sources */,
				15D5D9421BA1238B00D0134F /* Frameworks */,
				15D5D9431BA1238B00D0134F /* Resources */,
			);
			buildRules = (
			);
			dependencies = (
			);
			name = ToDoList;
			productName = ToDoList;
			productReference = 15D5D9451BA1238B00D0134F /* ToDoList.app */;
			productType = "com.apple.product-type.application";
		};
		15D5D95D1BA1238B00D0134F /* ToDoListTests */ = {
			isa = PBXNativeTarget;
			buildConfigurationList = 15D5D96B1BA1238B00D0134F /* Build configuration list for PBXNativeTarget "ToDoListTests" */;
			buildPhases = (
				15D5D95A1BA1238B00D0134F /* Sources */,
				15D5D95B1BA1238B00D0134F /* Frameworks */,
				15D5D95C1BA1238B00D0134F /* Resources */,
			);
			buildRules = (
			);
			dependencies = (
				15D5D9601BA1238B00D0134F /* PBXTargetDependency */,
			);
			name = ToDoListTests;
			productName = ToDoListTests;
			productReference = 15D5D95E1BA1238B00D0134F /* ToDoListTests.xctest */;
			productType = "com.apple.product-type.bundle.unit-test";
		};
/* End PBXNativeTarget section */

/* Begin PBXProject section */
		15D5D93D1BA1238B00D0134F /* Project object */ = {
			isa = PBXProject;
			attributes = {
				LastUpgradeCheck = 0640;
				ORGANIZATIONNAME = PD;
				TargetAttributes = {
					15D5D9441BA1238B00D0134F = {
						CreatedOnToolsVersion = 6.4;
					};
					15D5D95D1BA1238B00D0134F = {
						CreatedOnToolsVersion = 6.4;
						TestTargetID = 15D5D9441BA1238B00D0134F;
					};
				};
			};
			buildConfigurationList = 15D5D9401BA1238B00D0134F /* Build configuration list for PBXProject "ToDoList" */;
			compatibilityVersion = "Xcode 3.2";
			developmentRegion = English;
			hasScannedForEncodings = 0;
			knownRegions = (
				en,
				Base,
			);
			mainGroup = 15D5D93C1BA1238B00D0134F;
			productRefGroup = 15D5D9461BA1238B00D0134F /* Products */;
			projectDirPath = "";
			projectRoot = "";
			targets = (
				15D5D9441BA1238B00D0134F /* ToDoList */,
				15D5D95D1BA1238B00D0134F /* ToDoListTests */,
			);
		};
/* End PBXProject section */

/* Begin PBXResourcesBuildPhase section */
		15D5D9431BA1238B00D0134F /* Resources */ = {
			isa = PBXResourcesBuildPhase;
			buildActionMask = 2147483647;
			files = (
				15D5D9541BA1238B00D0134F /* Main.storyboard in Resources */,
				15D5D9591BA1238B00D0134F /* LaunchScreen.xib in Resources */,
				15D5D9561BA1238B00D0134F /* Images.xcassets in Resources */,
			);
			runOnlyForDeploymentPostprocessing = 0;
		};
		15D5D95C1BA1238B00D0134F /* Resources */ = {
			isa = PBXResourcesBuildPhase;
			buildActionMask = 2147483647;
			files = (
			);
			runOnlyForDeploymentPostprocessing = 0;
		};
/* End PBXResourcesBuildPhase section */

/* Begin PBXSourcesBuildPhase section */
		15D5D9411BA1238B00D0134F /* Sources */ = {
			isa = PBXSourcesBuildPhase;
			buildActionMask = 2147483647;
			files = (
				15D5D94E1BA1238B00D0134F /* AppDelegate.m in Sources */,
				15D5D9761BA5D17600D0134F /* ToDoItem.m in Sources */,
				15D5D94B1BA1238B00D0134F /* main.m in Sources */,
				15D5D9731BA4E00F00D0134F /* ToDoListTableTableViewController.m in Sources */,
				15D5D9701BA4D7A400D0134F /* AddToDoItemViewController.m in Sources */,
			);
			runOnlyForDeploymentPostprocessing = 0;
		};
		15D5D95A1BA1238B00D0134F /* Sources */ = {
			isa = PBXSourcesBuildPhase;
			buildActionMask = 2147483647;
			files = (
				15D5D9651BA1238B00D0134F /* ToDoListTests.m in Sources */,
			);
			runOnlyForDeploymentPostprocessing = 0;
		};
/* End PBXSourcesBuildPhase section */

/* Begin PBXTargetDependency section */
		15D5D9601BA1238B00D0134F /* PBXTargetDependency */ = {
			isa = PBXTargetDependency;
			target = 15D5D9441BA1238B00D0134F /* ToDoList */;
			targetProxy = 15D5D95F1BA1238B00D0134F /* PBXContainerItemProxy */;
		};
/* End PBXTargetDependency section */

/* Begin PBXVariantGroup section */
		15D5D9521BA1238B00D0134F /* Main.storyboard */ = {
			isa = PBXVariantGroup;
			children = (
				15D5D9531BA1238B00D0134F /* Base */,
			);
			name = Main.storyboard;
			sourceTree = "<group>";
		};
		15D5D9571BA1238B00D0134F /* LaunchScreen.xib */ = {
			isa = PBXVariantGroup;
			children = (
				15D5D9581BA1238B00D0134F /* Base */,
			);
			name = LaunchScreen.xib;
			sourceTree = "<group>";
		};
/* End PBXVariantGroup section */

/* Begin XCBuildConfiguration section */
		15D5D9661BA1238B00D0134F /* Debug */ = {
			isa = XCBuildConfiguration;
			buildSettings = {
				ALWAYS_SEARCH_USER_PATHS = NO;
				CLANG_CXX_LANGUAGE_STANDARD = "gnu++0x";
				CLANG_CXX_LIBRARY = "libc++";
				CLANG_ENABLE_MODULES = YES;
				CLANG_ENABLE_OBJC_ARC = YES;
				CLANG_WARN_BOOL_CONVERSION = YES;
				CLANG_WARN_CONSTANT_CONVERSION = YES;
				CLANG_WARN_DIRECT_OBJC_ISA_USAGE = YES_ERROR;
				CLANG_WARN_EMPTY_BODY = YES;
				CLANG_WARN_ENUM_CONVERSION = YES;
				CLANG_WARN_INT_CONVERSION = YES;
				CLANG_WARN_OBJC_ROOT_CLASS = YES_ERROR;
				CLANG_WARN_UNREACHABLE_CODE = YES;
				CLANG_WARN__DUPLICATE_METHOD_MATCH = YES;
				"CODE_SIGN_IDENTITY[sdk=iphoneos*]" = "iPhone Developer";
				COPY_PHASE_STRIP = NO;
				DEBUG_INFORMATION_FORMAT = "dwarf-with-dsym";
				ENABLE_STRICT_OBJC_MSGSEND = YES;
				GCC_C_LANGUAGE_STANDARD = gnu99;
				GCC_DYNAMIC_NO_PIC = NO;
				GCC_NO_COMMON_BLOCKS = YES;
				GCC_OPTIMIZATION_LEVEL = 0;
				GCC_PREPROCESSOR_DEFINITIONS = (
					"DEBUG=1",
					"$(inherited)",
				);
				GCC_SYMBOLS_PRIVATE_EXTERN = NO;
				GCC_WARN_64_TO_32_BIT_CONVERSION = YES;
				GCC_WARN_ABOUT_RETURN_TYPE = YES_ERROR;
				GCC_WARN_UNDECLARED_SELECTOR = YES;
				GCC_WARN_UNINITIALIZED_AUTOS = YES_AGGRESSIVE;
				GCC_WARN_UNUSED_FUNCTION = YES;
				GCC_WARN_UNUSED_VARIABLE = YES;
				IPHONEOS_DEPLOYMENT_TARGET = 8.4;
				MTL_ENABLE_DEBUG_INFO = YES;
				ONLY_ACTIVE_ARCH = YES;
				SDKROOT = iphoneos;
				TARGETED_DEVICE_FAMILY = "1,2";
			};
			name = Debug;
		};
		15D5D9671BA1238B00D0134F /* Release */ = {
			isa = XCBuildConfiguration;
			buildSettings = {
				ALWAYS_SEARCH_USER_PATHS = NO;
				CLANG_CXX_LANGUAGE_STANDARD = "gnu++0x";
				CLANG_CXX_LIBRARY = "libc++";
				CLANG_ENABLE_MODULES = YES;
				CLANG_ENABLE_OBJC_ARC = YES;
				CLANG_WARN_BOOL_CONVERSION = YES;
				CLANG_WARN_CONSTANT_CONVERSION = YES;
				CLANG_WARN_DIRECT_OBJC_ISA_USAGE = YES_ERROR;
				CLANG_WARN_EMPTY_BODY = YES;
				CLANG_WARN_ENUM_CONVERSION = YES;
				CLANG_WARN_INT_CONVERSION = YES;
				CLANG_WARN_OBJC_ROOT_CLASS = YES_ERROR;
				CLANG_WARN_UNREACHABLE_CODE = YES;
				CLANG_WARN__DUPLICATE_METHOD_MATCH = YES;
				"CODE_SIGN_IDENTITY[sdk=iphoneos*]" = "iPhone Developer";
				COPY_PHASE_STRIP = NO;
				DEBUG_INFORMATION_FORMAT = "dwarf-with-dsym";
				ENABLE_NS_ASSERTIONS = NO;
				ENABLE_STRICT_OBJC_MSGSEND = YES;
				GCC_C_LANGUAGE_STANDARD = gnu99;
				GCC_NO_COMMON_BLOCKS = YES;
				GCC_WARN_64_TO_32_BIT_CONVERSION = YES;
				GCC_WARN_ABOUT_RETURN_TYPE = YES_ERROR;
				GCC_WARN_UNDECLARED_SELECTOR = YES;
				GCC_WARN_UNINITIALIZED_AUTOS = YES_AGGRESSIVE;
				GCC_WARN_UNUSED_FUNCTION = YES;
				GCC_WARN_UNUSED_VARIABLE = YES;
				IPHONEOS_DEPLOYMENT_TARGET = 8.4;
				MTL_ENABLE_DEBUG_INFO = NO;
				SDKROOT = iphoneos;
				TARGETED_DEVICE_FAMILY = "1,2";
				VALIDATE_PRODUCT = YES;
			};
			name = Release;
		};
		15D5D9691BA1238B00D0134F /* Debug */ = {
			isa = XCBuildConfiguration;
			buildSettings = {
				ASSETCATALOG_COMPILER_APPICON_NAME = AppIcon;
				INFOPLIST_FILE = ToDoList/Info.plist;
				LD_RUNPATH_SEARCH_PATHS = "$(inherited) @executable_path/Frameworks";
				PRODUCT_NAME = "$(TARGET_NAME)";
			};
			name = Debug;
		};
		15D5D96A1BA1238B00D0134F /* Release */ = {
			isa = XCBuildConfiguration;
			buildSettings = {
				ASSETCATALOG_COMPILER_APPICON_NAME = AppIcon;
				INFOPLIST_FILE = ToDoList/Info.plist;
				LD_RUNPATH_SEARCH_PATHS = "$(inherited) @executable_path/Frameworks";
				PRODUCT_NAME = "$(TARGET_NAME)";
			};
			name = Release;
		};
		15D5D96C1BA1238B00D0134F /* Debug */ = {
			isa = XCBuildConfiguration;
			buildSettings = {
				BUNDLE_LOADER = "$(TEST_HOST)";
				FRAMEWORK_SEARCH_PATHS = (
					"$(SDKROOT)/Developer/Library/Frameworks",
					"$(inherited)",
				);
				GCC_PREPROCESSOR_DEFINITIONS = (
					"DEBUG=1",
					"$(inherited)",
				);
				INFOPLIST_FILE = ToDoListTests/Info.plist;
				LD_RUNPATH_SEARCH_PATHS = "$(inherited) @executable_path/Frameworks @loader_path/Frameworks";
				PRODUCT_NAME = "$(TARGET_NAME)";
				TEST_HOST = "$(BUILT_PRODUCTS_DIR)/ToDoList.app/ToDoList";
			};
			name = Debug;
		};
		15D5D96D1BA1238B00D0134F /* Release */ = {
			isa = XCBuildConfiguration;
			buildSettings = {
				BUNDLE_LOADER = "$(TEST_HOST)";
				FRAMEWORK_SEARCH_PATHS = (
					"$(SDKROOT)/Developer/Library/Frameworks",
					"$(inherited)",
				);
				INFOPLIST_FILE = ToDoListTests/Info.plist;
				LD_RUNPATH_SEARCH_PATHS = "$(inherited) @executable_path/Frameworks @loader_path/Frameworks";
				PRODUCT_NAME = "$(TARGET_NAME)";
				TEST_HOST = "$(BUILT_PRODUCTS_DIR)/ToDoList.app/ToDoList";
			};
			name = Release;
		};
/* End XCBuildConfiguration section */

/* Begin XCConfigurationList section */
		15D5D9401BA1238B00D0134F /* Build configuration list for PBXProject "ToDoList" */ = {
			isa = XCConfigurationList;
			buildConfigurations = (
				15D5D9661BA1238B00D0134F /* Debug */,
				15D5D9671BA1238B00D0134F /* Release */,
			);
			defaultConfigurationIsVisible = 0;
			defaultConfigurationName = Release;
		};
		15D5D9681BA1238B00D0134F /* Build configuration list for PBXNativeTarget "ToDoList" */ = {
			isa = XCConfigurationList;
			buildConfigurations = (
				15D5D9691BA1238B00D0134F /* Debug */,
				15D5D96A1BA1238B00D0134F /* Release */,
			);
			defaultConfigurationIsVisible = 0;
		};
		15D5D96B1BA1238B00D0134F /* Build configuration list for PBXNativeTarget "ToDoListTests" */ = {
			isa = XCConfigurationList;
			buildConfigurations = (
				15D5D96C1BA1238B00D0134F /* Debug */,
				15D5D96D1BA1238B00D0134F /* Release */,
			);
			defaultConfigurationIsVisible = 0;
		};
/* End XCConfigurationList section */
	};
	rootObject = 15D5D93D1BA1238B00D0134F /* Project object */;
}
