// !$*UTF8*$!
{
	archiveVersion = 1;
	classes = {
	};
	objectVersion = 46;
	objects = {

/* Begin PBXBuildFile section */
		152E65DA1B8CF89000AB826C /* main.m in Sources */ = {isa = PBXBuildFile; fileRef = 152E65D91B8CF89000AB826C /* main.m */; };
		152E65DD1B8CF89000AB826C /* AppDelegate.m in Sources */ = {isa = PBXBuildFile; fileRef = 152E65DC1B8CF89000AB826C /* AppDelegate.m */; };
		152E65E01B8CF89000AB826C /* ViewController.m in Sources */ = {isa = PBXBuildFile; fileRef = 152E65DF1B8CF89000AB826C /* ViewController.m */; };
		152E65E31B8CF89000AB826C /* Main.storyboard in Resources */ = {isa = PBXBuildFile; fileRef = 152E65E11B8CF89000AB826C /* Main.storyboard */; };
		152E65E51B8CF89000AB826C /* Images.xcassets in Resources */ = {isa = PBXBuildFile; fileRef = 152E65E41B8CF89000AB826C /* Images.xcassets */; };
		152E65E81B8CF89000AB826C /* LaunchScreen.xib in Resources */ = {isa = PBXBuildFile; fileRef = 152E65E61B8CF89000AB826C /* LaunchScreen.xib */; };
		152E65F41B8CF89000AB826C /* TableViewRecipesTests.m in Sources */ = {isa = PBXBuildFile; fileRef = 152E65F31B8CF89000AB826C /* TableViewRecipesTests.m */; };
/* End PBXBuildFile section */

/* Begin PBXContainerItemProxy section */
		152E65EE1B8CF89000AB826C /* PBXContainerItemProxy */ = {
			isa = PBXContainerItemProxy;
			containerPortal = 152E65CC1B8CF89000AB826C /* Project object */;
			proxyType = 1;
			remoteGlobalIDString = 152E65D31B8CF89000AB826C;
			remoteInfo = TableViewRecipes;
		};
/* End PBXContainerItemProxy section */

/* Begin PBXFileReference section */
		152E65D41B8CF89000AB826C /* TableViewRecipes.app */ = {isa = PBXFileReference; explicitFileType = wrapper.application; includeInIndex = 0; path = TableViewRecipes.app; sourceTree = BUILT_PRODUCTS_DIR; };
		152E65D81B8CF89000AB826C /* Info.plist */ = {isa = PBXFileReference; lastKnownFileType = text.plist.xml; path = Info.plist; sourceTree = "<group>"; };
		152E65D91B8CF89000AB826C /* main.m */ = {isa = PBXFileReference; lastKnownFileType = sourcecode.c.objc; path = main.m; sourceTree = "<group>"; };
		152E65DB1B8CF89000AB826C /* AppDelegate.h */ = {isa = PBXFileReference; lastKnownFileType = sourcecode.c.h; path = AppDelegate.h; sourceTree = "<group>"; };
		152E65DC1B8CF89000AB826C /* AppDelegate.m */ = {isa = PBXFileReference; lastKnownFileType = sourcecode.c.objc; path = AppDelegate.m; sourceTree = "<group>"; };
		152E65DE1B8CF89000AB826C /* ViewController.h */ = {isa = PBXFileReference; lastKnownFileType = sourcecode.c.h; path = ViewController.h; sourceTree = "<group>"; };
		152E65DF1B8CF89000AB826C /* ViewController.m */ = {isa = PBXFileReference; lastKnownFileType = sourcecode.c.objc; path = ViewController.m; sourceTree = "<group>"; };
		152E65E21B8CF89000AB826C /* Base */ = {isa = PBXFileReference; lastKnownFileType = file.storyboard; name = Base; path = Base.lproj/Main.storyboard; sourceTree = "<group>"; };
		152E65E41B8CF89000AB826C /* Images.xcassets */ = {isa = PBXFileReference; lastKnownFileType = folder.assetcatalog; path = Images.xcassets; sourceTree = "<group>"; };
		152E65E71B8CF89000AB826C /* Base */ = {isa = PBXFileReference; lastKnownFileType = file.xib; name = Base; path = Base.lproj/LaunchScreen.xib; sourceTree = "<group>"; };
		152E65ED1B8CF89000AB826C /* TableViewRecipesTests.xctest */ = {isa = PBXFileReference; explicitFileType = wrapper.cfbundle; includeInIndex = 0; path = TableViewRecipesTests.xctest; sourceTree = BUILT_PRODUCTS_DIR; };
		152E65F21B8CF89000AB826C /* Info.plist */ = {isa = PBXFileReference; lastKnownFileType = text.plist.xml; path = Info.plist; sourceTree = "<group>"; };
		152E65F31B8CF89000AB826C /* TableViewRecipesTests.m */ = {isa = PBXFileReference; lastKnownFileType = sourcecode.c.objc; path = TableViewRecipesTests.m; sourceTree = "<group>"; };
/* End PBXFileReference section */

/* Begin PBXFrameworksBuildPhase section */
		152E65D11B8CF89000AB826C /* Frameworks */ = {
			isa = PBXFrameworksBuildPhase;
			buildActionMask = 2147483647;
			files = (
			);
			runOnlyForDeploymentPostprocessing = 0;
		};
		152E65EA1B8CF89000AB826C /* Frameworks */ = {
			isa = PBXFrameworksBuildPhase;
			buildActionMask = 2147483647;
			files = (
			);
			runOnlyForDeploymentPostprocessing = 0;
		};
/* End PBXFrameworksBuildPhase section */

/* Begin PBXGroup section */
		152E65CB1B8CF89000AB826C = {
			isa = PBXGroup;
			children = (
				152E65D61B8CF89000AB826C /* TableViewRecipes */,
				152E65F01B8CF89000AB826C /* TableViewRecipesTests */,
				152E65D51B8CF89000AB826C /* Products */,
			);
			sourceTree = "<group>";
		};
		152E65D51B8CF89000AB826C /* Products */ = {
			isa = PBXGroup;
			children = (
				152E65D41B8CF89000AB826C /* TableViewRecipes.app */,
				152E65ED1B8CF89000AB826C /* TableViewRecipesTests.xctest */,
			);
			name = Products;
			sourceTree = "<group>";
		};
		152E65D61B8CF89000AB826C /* TableViewRecipes */ = {
			isa = PBXGroup;
			children = (
				152E65DB1B8CF89000AB826C /* AppDelegate.h */,
				152E65DC1B8CF89000AB826C /* AppDelegate.m */,
				152E65DE1B8CF89000AB826C /* ViewController.h */,
				152E65DF1B8CF89000AB826C /* ViewController.m */,
				152E65E11B8CF89000AB826C /* Main.storyboard */,
				152E65E41B8CF89000AB826C /* Images.xcassets */,
				152E65E61B8CF89000AB826C /* LaunchScreen.xib */,
				152E65D71B8CF89000AB826C /* Supporting Files */,
			);
			path = TableViewRecipes;
			sourceTree = "<group>";
		};
		152E65D71B8CF89000AB826C /* Supporting Files */ = {
			isa = PBXGroup;
			children = (
				152E65D81B8CF89000AB826C /* Info.plist */,
				152E65D91B8CF89000AB826C /* main.m */,
			);
			name = "Supporting Files";
			sourceTree = "<group>";
		};
		152E65F01B8CF89000AB826C /* TableViewRecipesTests */ = {
			isa = PBXGroup;
			children = (
				152E65F31B8CF89000AB826C /* TableViewRecipesTests.m */,
				152E65F11B8CF89000AB826C /* Supporting Files */,
			);
			path = TableViewRecipesTests;
			sourceTree = "<group>";
		};
		152E65F11B8CF89000AB826C /* Supporting Files */ = {
			isa = PBXGroup;
			children = (
				152E65F21B8CF89000AB826C /* Info.plist */,
			);
			name = "Supporting Files";
			sourceTree = "<group>";
		};
/* End PBXGroup section */

/* Begin PBXNativeTarget section */
		152E65D31B8CF89000AB826C /* TableViewRecipes */ = {
			isa = PBXNativeTarget;
			buildConfigurationList = 152E65F71B8CF89000AB826C /* Build configuration list for PBXNativeTarget "TableViewRecipes" */;
			buildPhases = (
				152E65D01B8CF89000AB826C /* Sources */,
				152E65D11B8CF89000AB826C /* Frameworks */,
				152E65D21B8CF89000AB826C /* Resources */,
			);
			buildRules = (
			);
			dependencies = (
			);
			name = TableViewRecipes;
			productName = TableViewRecipes;
			productReference = 152E65D41B8CF89000AB826C /* TableViewRecipes.app */;
			productType = "com.apple.product-type.application";
		};
		152E65EC1B8CF89000AB826C /* TableViewRecipesTests */ = {
			isa = PBXNativeTarget;
			buildConfigurationList = 152E65FA1B8CF89000AB826C /* Build configuration list for PBXNativeTarget "TableViewRecipesTests" */;
			buildPhases = (
				152E65E91B8CF89000AB826C /* Sources */,
				152E65EA1B8CF89000AB826C /* Frameworks */,
				152E65EB1B8CF89000AB826C /* Resources */,
			);
			buildRules = (
			);
			dependencies = (
				152E65EF1B8CF89000AB826C /* PBXTargetDependency */,
			);
			name = TableViewRecipesTests;
			productName = TableViewRecipesTests;
			productReference = 152E65ED1B8CF89000AB826C /* TableViewRecipesTests.xctest */;
			productType = "com.apple.product-type.bundle.unit-test";
		};
/* End PBXNativeTarget section */

/* Begin PBXProject section */
		152E65CC1B8CF89000AB826C /* Project object */ = {
			isa = PBXProject;
			attributes = {
				LastUpgradeCheck = 0640;
				ORGANIZATIONNAME = "Patti Donahue";
				TargetAttributes = {
					152E65D31B8CF89000AB826C = {
						CreatedOnToolsVersion = 6.4;
					};
					152E65EC1B8CF89000AB826C = {
						CreatedOnToolsVersion = 6.4;
						TestTargetID = 152E65D31B8CF89000AB826C;
					};
				};
			};
			buildConfigurationList = 152E65CF1B8CF89000AB826C /* Build configuration list for PBXProject "TableViewRecipes" */;
			compatibilityVersion = "Xcode 3.2";
			developmentRegion = English;
			hasScannedForEncodings = 0;
			knownRegions = (
				en,
				Base,
			);
			mainGroup = 152E65CB1B8CF89000AB826C;
			productRefGroup = 152E65D51B8CF89000AB826C /* Products */;
			projectDirPath = "";
			projectRoot = "";
			targets = (
				152E65D31B8CF89000AB826C /* TableViewRecipes */,
				152E65EC1B8CF89000AB826C /* TableViewRecipesTests */,
			);
		};
/* End PBXProject section */

/* Begin PBXResourcesBuildPhase section */
		152E65D21B8CF89000AB826C /* Resources */ = {
			isa = PBXResourcesBuildPhase;
			buildActionMask = 2147483647;
			files = (
				152E65E31B8CF89000AB826C /* Main.storyboard in Resources */,
				152E65E81B8CF89000AB826C /* LaunchScreen.xib in Resources */,
				152E65E51B8CF89000AB826C /* Images.xcassets in Resources */,
			);
			runOnlyForDeploymentPostprocessing = 0;
		};
		152E65EB1B8CF89000AB826C /* Resources */ = {
			isa = PBXResourcesBuildPhase;
			buildActionMask = 2147483647;
			files = (
			);
			runOnlyForDeploymentPostprocessing = 0;
		};
/* End PBXResourcesBuildPhase section */

/* Begin PBXSourcesBuildPhase section */
		152E65D01B8CF89000AB826C /* Sources */ = {
			isa = PBXSourcesBuildPhase;
			buildActionMask = 2147483647;
			files = (
				152E65E01B8CF89000AB826C /* ViewController.m in Sources */,
				152E65DD1B8CF89000AB826C /* AppDelegate.m in Sources */,
				152E65DA1B8CF89000AB826C /* main.m in Sources */,
			);
			runOnlyForDeploymentPostprocessing = 0;
		};
		152E65E91B8CF89000AB826C /* Sources */ = {
			isa = PBXSourcesBuildPhase;
			buildActionMask = 2147483647;
			files = (
				152E65F41B8CF89000AB826C /* TableViewRecipesTests.m in Sources */,
			);
			runOnlyForDeploymentPostprocessing = 0;
		};
/* End PBXSourcesBuildPhase section */

/* Begin PBXTargetDependency section */
		152E65EF1B8CF89000AB826C /* PBXTargetDependency */ = {
			isa = PBXTargetDependency;
			target = 152E65D31B8CF89000AB826C /* TableViewRecipes */;
			targetProxy = 152E65EE1B8CF89000AB826C /* PBXContainerItemProxy */;
		};
/* End PBXTargetDependency section */

/* Begin PBXVariantGroup section */
		152E65E11B8CF89000AB826C /* Main.storyboard */ = {
			isa = PBXVariantGroup;
			children = (
				152E65E21B8CF89000AB826C /* Base */,
			);
			name = Main.storyboard;
			sourceTree = "<group>";
		};
		152E65E61B8CF89000AB826C /* LaunchScreen.xib */ = {
			isa = PBXVariantGroup;
			children = (
				152E65E71B8CF89000AB826C /* Base */,
			);
			name = LaunchScreen.xib;
			sourceTree = "<group>";
		};
/* End PBXVariantGroup section */

/* Begin XCBuildConfiguration section */
		152E65F51B8CF89000AB826C /* Debug */ = {
			isa = XCBuildConfiguration;
			buildSettings = {
				ALWAYS_SEARCH_USER_PATHS = NO;
				CLANG_CXX_LANGUAGE_STANDARD = "gnu++0x";
				CLANG_CXX_LIBRARY = "libc++";
				CLANG_ENABLE_MODULES = YES;
				CLANG_ENABLE_OBJC_ARC = YES;
				CLANG_WARN_BOOL_CONVERSION = YES;
				CLANG_WARN_CONSTANT_CONVERSION = YES;
				CLANG_WARN_DIRECT_OBJC_ISA_USAGE = YES_ERROR;
				CLANG_WARN_EMPTY_BODY = YES;
				CLANG_WARN_ENUM_CONVERSION = YES;
				CLANG_WARN_INT_CONVERSION = YES;
				CLANG_WARN_OBJC_ROOT_CLASS = YES_ERROR;
				CLANG_WARN_UNREACHABLE_CODE = YES;
				CLANG_WARN__DUPLICATE_METHOD_MATCH = YES;
				"CODE_SIGN_IDENTITY[sdk=iphoneos*]" = "iPhone Developer";
				COPY_PHASE_STRIP = NO;
				DEBUG_INFORMATION_FORMAT = "dwarf-with-dsym";
				ENABLE_STRICT_OBJC_MSGSEND = YES;
				GCC_C_LANGUAGE_STANDARD = gnu99;
				GCC_DYNAMIC_NO_PIC = NO;
				GCC_NO_COMMON_BLOCKS = YES;
				GCC_OPTIMIZATION_LEVEL = 0;
				GCC_PREPROCESSOR_DEFINITIONS = (
					"DEBUG=1",
					"$(inherited)",
				);
				GCC_SYMBOLS_PRIVATE_EXTERN = NO;
				GCC_WARN_64_TO_32_BIT_CONVERSION = YES;
				GCC_WARN_ABOUT_RETURN_TYPE = YES_ERROR;
				GCC_WARN_UNDECLARED_SELECTOR = YES;
				GCC_WARN_UNINITIALIZED_AUTOS = YES_AGGRESSIVE;
				GCC_WARN_UNUSED_FUNCTION = YES;
				GCC_WARN_UNUSED_VARIABLE = YES;
				IPHONEOS_DEPLOYMENT_TARGET = 8.4;
				MTL_ENABLE_DEBUG_INFO = YES;
				ONLY_ACTIVE_ARCH = YES;
				SDKROOT = iphoneos;
			};
			name = Debug;
		};
		152E65F61B8CF89000AB826C /* Release */ = {
			isa = XCBuildConfiguration;
			buildSettings = {
				ALWAYS_SEARCH_USER_PATHS = NO;
				CLANG_CXX_LANGUAGE_STANDARD = "gnu++0x";
				CLANG_CXX_LIBRARY = "libc++";
				CLANG_ENABLE_MODULES = YES;
				CLANG_ENABLE_OBJC_ARC = YES;
				CLANG_WARN_BOOL_CONVERSION = YES;
				CLANG_WARN_CONSTANT_CONVERSION = YES;
				CLANG_WARN_DIRECT_OBJC_ISA_USAGE = YES_ERROR;
				CLANG_WARN_EMPTY_BODY = YES;
				CLANG_WARN_ENUM_CONVERSION = YES;
				CLANG_WARN_INT_CONVERSION = YES;
				CLANG_WARN_OBJC_ROOT_CLASS = YES_ERROR;
				CLANG_WARN_UNREACHABLE_CODE = YES;
				CLANG_WARN__DUPLICATE_METHOD_MATCH = YES;
				"CODE_SIGN_IDENTITY[sdk=iphoneos*]" = "iPhone Developer";
				COPY_PHASE_STRIP = NO;
				DEBUG_INFORMATION_FORMAT = "dwarf-with-dsym";
				ENABLE_NS_ASSERTIONS = NO;
				ENABLE_STRICT_OBJC_MSGSEND = YES;
				GCC_C_LANGUAGE_STANDARD = gnu99;
				GCC_NO_COMMON_BLOCKS = YES;
				GCC_WARN_64_TO_32_BIT_CONVERSION = YES;
				GCC_WARN_ABOUT_RETURN_TYPE = YES_ERROR;
				GCC_WARN_UNDECLARED_SELECTOR = YES;
				GCC_WARN_UNINITIALIZED_AUTOS = YES_AGGRESSIVE;
				GCC_WARN_UNUSED_FUNCTION = YES;
				GCC_WARN_UNUSED_VARIABLE = YES;
				IPHONEOS_DEPLOYMENT_TARGET = 8.4;
				MTL_ENABLE_DEBUG_INFO = NO;
				SDKROOT = iphoneos;
				VALIDATE_PRODUCT = YES;
			};
			name = Release;
		};
		152E65F81B8CF89000AB826C /* Debug */ = {
			isa = XCBuildConfiguration;
			buildSettings = {
				ASSETCATALOG_COMPILER_APPICON_NAME = AppIcon;
				INFOPLIST_FILE = TableViewRecipes/Info.plist;
				LD_RUNPATH_SEARCH_PATHS = "$(inherited) @executable_path/Frameworks";
				PRODUCT_NAME = "$(TARGET_NAME)";
			};
			name = Debug;
		};
		152E65F91B8CF89000AB826C /* Release */ = {
			isa = XCBuildConfiguration;
			buildSettings = {
				ASSETCATALOG_COMPILER_APPICON_NAME = AppIcon;
				INFOPLIST_FILE = TableViewRecipes/Info.plist;
				LD_RUNPATH_SEARCH_PATHS = "$(inherited) @executable_path/Frameworks";
				PRODUCT_NAME = "$(TARGET_NAME)";
			};
			name = Release;
		};
		152E65FB1B8CF89000AB826C /* Debug */ = {
			isa = XCBuildConfiguration;
			buildSettings = {
				BUNDLE_LOADER = "$(TEST_HOST)";
				FRAMEWORK_SEARCH_PATHS = (
					"$(SDKROOT)/Developer/Library/Frameworks",
					"$(inherited)",
				);
				GCC_PREPROCESSOR_DEFINITIONS = (
					"DEBUG=1",
					"$(inherited)",
				);
				INFOPLIST_FILE = TableViewRecipesTests/Info.plist;
				LD_RUNPATH_SEARCH_PATHS = "$(inherited) @executable_path/Frameworks @loader_path/Frameworks";
				PRODUCT_NAME = "$(TARGET_NAME)";
				TEST_HOST = "$(BUILT_PRODUCTS_DIR)/TableViewRecipes.app/TableViewRecipes";
			};
			name = Debug;
		};
		152E65FC1B8CF89000AB826C /* Release */ = {
			isa = XCBuildConfiguration;
			buildSettings = {
				BUNDLE_LOADER = "$(TEST_HOST)";
				FRAMEWORK_SEARCH_PATHS = (
					"$(SDKROOT)/Developer/Library/Frameworks",
					"$(inherited)",
				);
				INFOPLIST_FILE = TableViewRecipesTests/Info.plist;
				LD_RUNPATH_SEARCH_PATHS = "$(inherited) @executable_path/Frameworks @loader_path/Frameworks";
				PRODUCT_NAME = "$(TARGET_NAME)";
				TEST_HOST = "$(BUILT_PRODUCTS_DIR)/TableViewRecipes.app/TableViewRecipes";
			};
			name = Release;
		};
/* End XCBuildConfiguration section */

/* Begin XCConfigurationList section */
		152E65CF1B8CF89000AB826C /* Build configuration list for PBXProject "TableViewRecipes" */ = {
			isa = XCConfigurationList;
			buildConfigurations = (
				152E65F51B8CF89000AB826C /* Debug */,
				152E65F61B8CF89000AB826C /* Release */,
			);
			defaultConfigurationIsVisible = 0;
			defaultConfigurationName = Release;
		};
		152E65F71B8CF89000AB826C /* Build configuration list for PBXNativeTarget "TableViewRecipes" */ = {
			isa = XCConfigurationList;
			buildConfigurations = (
				152E65F81B8CF89000AB826C /* Debug */,
				152E65F91B8CF89000AB826C /* Release */,
			);
			defaultConfigurationIsVisible = 0;
		};
		152E65FA1B8CF89000AB826C /* Build configuration list for PBXNativeTarget "TableViewRecipesTests" */ = {
			isa = XCConfigurationList;
			buildConfigurations = (
				152E65FB1B8CF89000AB826C /* Debug */,
				152E65FC1B8CF89000AB826C /* Release */,
			);
			defaultConfigurationIsVisible = 0;
		};
/* End XCConfigurationList section */
	};
	rootObject = 152E65CC1B8CF89000AB826C /* Project object */;
}
